
Microsoft Visual Studio Solution File, Format Version 12.00
# Visual Studio Version 16
VisualStudioVersion = 16.0.31112.23
MinimumVisualStudioVersion = 10.0.40219.1
Project("{9A19103F-16F7-4668-BE54-9A1E7A4F7556}") = "GameStore", "GameStore.csproj", "{E03E3093-AAA7-4594-A403-0F73ECE05767}"
EndProject
Project("{9A19103F-16F7-4668-BE54-9A1E7A4F7556}") = "Domain", "..\Domain\Domain.csproj", "{C37B9B54-3599-4D99-8FC3-9126E161BD60}"
EndProject
Project("{9A19103F-16F7-4668-BE54-9A1E7A4F7556}") = "Repository", "..\Repository\Repository.csproj", "{C9AE7585-CFB6-46C6-938F-98ABA06BBDFC}"
EndProject
Project("{FAE04EC0-301F-11D3-BF4B-00C04F79EFBC}") = "RepositoryInterface", "..\RepositoryInterface\RepositoryInterface.csproj", "{01C99918-1C23-4C8D-8CD0-5D33E7970AF2}"
EndProject
Global
	GlobalSection(SolutionConfigurationPlatforms) = preSolution
		Debug|Any CPU = Debug|Any CPU
		Release|Any CPU = Release|Any CPU
	EndGlobalSection
	GlobalSection(ProjectConfigurationPlatforms) = postSolution
		{E03E3093-AAA7-4594-A403-0F73ECE05767}.Debug|Any CPU.ActiveCfg = Debug|Any CPU
		{E03E3093-AAA7-4594-A403-0F73ECE05767}.Debug|Any CPU.Build.0 = Debug|Any CPU
		{E03E3093-AAA7-4594-A403-0F73ECE05767}.Release|Any CPU.ActiveCfg = Release|Any CPU
		{E03E3093-AAA7-4594-A403-0F73ECE05767}.Release|Any CPU.Build.0 = Release|Any CPU
		{C37B9B54-3599-4D99-8FC3-9126E161BD60}.Debug|Any CPU.ActiveCfg = Debug|Any CPU
		{C37B9B54-3599-4D99-8FC3-9126E161BD60}.Debug|Any CPU.Build.0 = Debug|Any CPU
		{C37B9B54-3599-4D99-8FC3-9126E161BD60}.Release|Any CPU.ActiveCfg = Release|Any CPU
		{C37B9B54-3599-4D99-8FC3-9126E161BD60}.Release|Any CPU.Build.0 = Release|Any CPU
		{C9AE7585-CFB6-46C6-938F-98ABA06BBDFC}.Debug|Any CPU.ActiveCfg = Debug|Any CPU
		{C9AE7585-CFB6-46C6-938F-98ABA06BBDFC}.Debug|Any CPU.Build.0 = Debug|Any CPU
		{C9AE7585-CFB6-46C6-938F-98ABA06BBDFC}.Release|Any CPU.ActiveCfg = Release|Any CPU
		{C9AE7585-CFB6-46C6-938F-98ABA06BBDFC}.Release|Any CPU.Build.0 = Release|Any CPU
		{01C99918-1C23-4C8D-8CD0-5D33E7970AF2}.Debug|Any CPU.ActiveCfg = Debug|Any CPU
		{01C99918-1C23-4C8D-8CD0-5D33E7970AF2}.Debug|Any CPU.Build.0 = Debug|Any CPU
		{01C99918-1C23-4C8D-8CD0-5D33E7970AF2}.Release|Any CPU.ActiveCfg = Release|Any CPU
		{01C99918-1C23-4C8D-8CD0-5D33E7970AF2}.Release|Any CPU.Build.0 = Release|Any CPU
	EndGlobalSection
	GlobalSection(SolutionProperties) = preSolution
		HideSolutionNode = FALSE
	EndGlobalSection
	GlobalSection(ExtensibilityGlobals) = postSolution
		SolutionGuid = {E5311D45-974E-4577-B885-5B393A61E3D2}
	EndGlobalSection
EndGlobal
